// !$*UTF8*$!
{
	archiveVersion = 1;
	classes = {
	};
	objectVersion = 56;
	objects = {

/* Begin PBXBuildFile section */
		DE2677E32BE92F6D00A438E2 /* RaMAppApp.swift in Sources */ = {isa = PBXBuildFile; fileRef = DE2677E22BE92F6D00A438E2 /* RaMAppApp.swift */; };
		DE2677E72BE92F6F00A438E2 /* Assets.xcassets in Resources */ = {isa = PBXBuildFile; fileRef = DE2677E62BE92F6F00A438E2 /* Assets.xcassets */; };
		DE2677EA2BE92F6F00A438E2 /* Preview Assets.xcassets in Resources */ = {isa = PBXBuildFile; fileRef = DE2677E92BE92F6F00A438E2 /* Preview Assets.xcassets */; };
		DE2677F72BE9315900A438E2 /* CharactersListView.swift in Sources */ = {isa = PBXBuildFile; fileRef = DE2677F62BE9315900A438E2 /* CharactersListView.swift */; };
		DE2677FC2BE931AD00A438E2 /* CharactersListReducer.swift in Sources */ = {isa = PBXBuildFile; fileRef = DE2677FB2BE931AD00A438E2 /* CharactersListReducer.swift */; };
		DE2677FF2BE931FB00A438E2 /* ComposableArchitecture in Frameworks */ = {isa = PBXBuildFile; productRef = DE2677FE2BE931FB00A438E2 /* ComposableArchitecture */; };
		DE2678022BE9322F00A438E2 /* Nuke in Frameworks */ = {isa = PBXBuildFile; productRef = DE2678012BE9322F00A438E2 /* Nuke */; };
		DE2678042BE9322F00A438E2 /* NukeExtensions in Frameworks */ = {isa = PBXBuildFile; productRef = DE2678032BE9322F00A438E2 /* NukeExtensions */; };
		DE2678062BE9322F00A438E2 /* NukeUI in Frameworks */ = {isa = PBXBuildFile; productRef = DE2678052BE9322F00A438E2 /* NukeUI */; };
		DE26780B2BE9340200A438E2 /* RealmSwift in Frameworks */ = {isa = PBXBuildFile; productRef = DE26780A2BE9340200A438E2 /* RealmSwift */; };
		DE2678112BEAAAB800A438E2 /* NetworkService.swift in Sources */ = {isa = PBXBuildFile; fileRef = DE2678102BEAAAB800A438E2 /* NetworkService.swift */; };
		DE2678132BEAAAFD00A438E2 /* CharacterModel.swift in Sources */ = {isa = PBXBuildFile; fileRef = DE2678122BEAAAFD00A438E2 /* CharacterModel.swift */; };
		DE2678152BEAAB3500A438E2 /* CharacterDetailView.swift in Sources */ = {isa = PBXBuildFile; fileRef = DE2678142BEAAB3500A438E2 /* CharacterDetailView.swift */; };
		DE2678182BEAABC400A438E2 /* CharacterRowView.swift in Sources */ = {isa = PBXBuildFile; fileRef = DE2678172BEAABC400A438E2 /* CharacterRowView.swift */; };
		DE26781A2BEAABF300A438E2 /* ProfileImageModifier.swift in Sources */ = {isa = PBXBuildFile; fileRef = DE2678192BEAABF300A438E2 /* ProfileImageModifier.swift */; };
/* End PBXBuildFile section */

/* Begin PBXFileReference section */
		DE2677DF2BE92F6D00A438E2 /* RaMApp.app */ = {isa = PBXFileReference; explicitFileType = wrapper.application; includeInIndex = 0; path = RaMApp.app; sourceTree = BUILT_PRODUCTS_DIR; };
		DE2677E22BE92F6D00A438E2 /* RaMAppApp.swift */ = {isa = PBXFileReference; lastKnownFileType = sourcecode.swift; path = RaMAppApp.swift; sourceTree = "<group>"; };
		DE2677E62BE92F6F00A438E2 /* Assets.xcassets */ = {isa = PBXFileReference; lastKnownFileType = folder.assetcatalog; path = Assets.xcassets; sourceTree = "<group>"; };
		DE2677E92BE92F6F00A438E2 /* Preview Assets.xcassets */ = {isa = PBXFileReference; lastKnownFileType = folder.assetcatalog; path = "Preview Assets.xcassets"; sourceTree = "<group>"; };
		DE2677F62BE9315900A438E2 /* CharactersListView.swift */ = {isa = PBXFileReference; lastKnownFileType = sourcecode.swift; path = CharactersListView.swift; sourceTree = "<group>"; };
		DE2677FB2BE931AD00A438E2 /* CharactersListReducer.swift */ = {isa = PBXFileReference; lastKnownFileType = sourcecode.swift; path = CharactersListReducer.swift; sourceTree = "<group>"; };
		DE2678102BEAAAB800A438E2 /* NetworkService.swift */ = {isa = PBXFileReference; lastKnownFileType = sourcecode.swift; path = NetworkService.swift; sourceTree = "<group>"; };
		DE2678122BEAAAFD00A438E2 /* CharacterModel.swift */ = {isa = PBXFileReference; lastKnownFileType = sourcecode.swift; path = CharacterModel.swift; sourceTree = "<group>"; };
		DE2678142BEAAB3500A438E2 /* CharacterDetailView.swift */ = {isa = PBXFileReference; lastKnownFileType = sourcecode.swift; path = CharacterDetailView.swift; sourceTree = "<group>"; };
		DE2678172BEAABC400A438E2 /* CharacterRowView.swift */ = {isa = PBXFileReference; lastKnownFileType = sourcecode.swift; path = CharacterRowView.swift; sourceTree = "<group>"; };
		DE2678192BEAABF300A438E2 /* ProfileImageModifier.swift */ = {isa = PBXFileReference; lastKnownFileType = sourcecode.swift; path = ProfileImageModifier.swift; sourceTree = "<group>"; };
/* End PBXFileReference section */

/* Begin PBXFrameworksBuildPhase section */
		DE2677DC2BE92F6D00A438E2 /* Frameworks */ = {
			isa = PBXFrameworksBuildPhase;
			buildActionMask = 2147483647;
			files = (
				DE26780B2BE9340200A438E2 /* RealmSwift in Frameworks */,
				DE2677FF2BE931FB00A438E2 /* ComposableArchitecture in Frameworks */,
				DE2678022BE9322F00A438E2 /* Nuke in Frameworks */,
				DE2678042BE9322F00A438E2 /* NukeExtensions in Frameworks */,
				DE2678062BE9322F00A438E2 /* NukeUI in Frameworks */,
			);
			runOnlyForDeploymentPostprocessing = 0;
		};
/* End PBXFrameworksBuildPhase section */

/* Begin PBXGroup section */
		DE2677D62BE92F6D00A438E2 = {
			isa = PBXGroup;
			children = (
				DE2677E12BE92F6D00A438E2 /* RaMApp */,
				DE2677E02BE92F6D00A438E2 /* Products */,
			);
			sourceTree = "<group>";
		};
		DE2677E02BE92F6D00A438E2 /* Products */ = {
			isa = PBXGroup;
			children = (
				DE2677DF2BE92F6D00A438E2 /* RaMApp.app */,
			);
			name = Products;
			sourceTree = "<group>";
		};
		DE2677E12BE92F6D00A438E2 /* RaMApp */ = {
			isa = PBXGroup;
			children = (
				DE2677F02BE9304700A438E2 /* App */,
				DE2677F12BE9304D00A438E2 /* Core */,
				DE2677F22BE9305200A438E2 /* Model */,
				DE2677F32BE9305600A438E2 /* Service */,
				DE2677E62BE92F6F00A438E2 /* Assets.xcassets */,
				DE2677E82BE92F6F00A438E2 /* Preview Content */,
			);
			path = RaMApp;
			sourceTree = "<group>";
		};
		DE2677E82BE92F6F00A438E2 /* Preview Content */ = {
			isa = PBXGroup;
			children = (
				DE2677E92BE92F6F00A438E2 /* Preview Assets.xcassets */,
			);
			path = "Preview Content";
			sourceTree = "<group>";
		};
		DE2677F02BE9304700A438E2 /* App */ = {
			isa = PBXGroup;
			children = (
				DE2677E22BE92F6D00A438E2 /* RaMAppApp.swift */,
			);
			path = App;
			sourceTree = "<group>";
		};
		DE2677F12BE9304D00A438E2 /* Core */ = {
			isa = PBXGroup;
			children = (
				DE2677F42BE9308A00A438E2 /* Root */,
				DE2677F52BE9309000A438E2 /* DetailView */,
				DE2678162BEAAB7700A438E2 /* Modifiers */,
			);
			path = Core;
			sourceTree = "<group>";
		};
		DE2677F22BE9305200A438E2 /* Model */ = {
			isa = PBXGroup;
			children = (
				DE2678122BEAAAFD00A438E2 /* CharacterModel.swift */,
			);
			path = Model;
			sourceTree = "<group>";
		};
		DE2677F32BE9305600A438E2 /* Service */ = {
			isa = PBXGroup;
			children = (
				DE2678102BEAAAB800A438E2 /* NetworkService.swift */,
			);
			path = Service;
			sourceTree = "<group>";
		};
		DE2677F42BE9308A00A438E2 /* Root */ = {
			isa = PBXGroup;
			children = (
				DE2677F82BE9316100A438E2 /* View */,
				DE2677F92BE9316700A438E2 /* Reducer */,
			);
			path = Root;
			sourceTree = "<group>";
		};
		DE2677F52BE9309000A438E2 /* DetailView */ = {
			isa = PBXGroup;
			children = (
				DE2678142BEAAB3500A438E2 /* CharacterDetailView.swift */,
			);
			path = DetailView;
			sourceTree = "<group>";
		};
		DE2677F82BE9316100A438E2 /* View */ = {
			isa = PBXGroup;
			children = (
				DE2677F62BE9315900A438E2 /* CharactersListView.swift */,
				DE2678172BEAABC400A438E2 /* CharacterRowView.swift */,
			);
			path = View;
			sourceTree = "<group>";
		};
		DE2677F92BE9316700A438E2 /* Reducer */ = {
			isa = PBXGroup;
			children = (
				DE2677FB2BE931AD00A438E2 /* CharactersListReducer.swift */,
			);
			path = Reducer;
			sourceTree = "<group>";
		};
		DE2678162BEAAB7700A438E2 /* Modifiers */ = {
			isa = PBXGroup;
			children = (
				DE2678192BEAABF300A438E2 /* ProfileImageModifier.swift */,
			);
			path = Modifiers;
			sourceTree = "<group>";
		};
/* End PBXGroup section */

/* Begin PBXNativeTarget section */
		DE2677DE2BE92F6D00A438E2 /* RaMApp */ = {
			isa = PBXNativeTarget;
			buildConfigurationList = DE2677ED2BE92F6F00A438E2 /* Build configuration list for PBXNativeTarget "RaMApp" */;
			buildPhases = (
				DE2677DB2BE92F6D00A438E2 /* Sources */,
				DE2677DC2BE92F6D00A438E2 /* Frameworks */,
				DE2677DD2BE92F6D00A438E2 /* Resources */,
			);
			buildRules = (
			);
			dependencies = (
			);
			name = RaMApp;
			packageProductDependencies = (
				DE2677FE2BE931FB00A438E2 /* ComposableArchitecture */,
				DE2678012BE9322F00A438E2 /* Nuke */,
				DE2678032BE9322F00A438E2 /* NukeExtensions */,
				DE2678052BE9322F00A438E2 /* NukeUI */,
				DE26780A2BE9340200A438E2 /* RealmSwift */,
			);
			productName = RaMApp;
			productReference = DE2677DF2BE92F6D00A438E2 /* RaMApp.app */;
			productType = "com.apple.product-type.application";
		};
/* End PBXNativeTarget section */

/* Begin PBXProject section */
		DE2677D72BE92F6D00A438E2 /* Project object */ = {
			isa = PBXProject;
			attributes = {
				BuildIndependentTargetsInParallel = 1;
				LastSwiftUpdateCheck = 1510;
				LastUpgradeCheck = 1510;
				TargetAttributes = {
					DE2677DE2BE92F6D00A438E2 = {
						CreatedOnToolsVersion = 15.1;
					};
				};
			};
			buildConfigurationList = DE2677DA2BE92F6D00A438E2 /* Build configuration list for PBXProject "RaMApp" */;
			compatibilityVersion = "Xcode 14.0";
			developmentRegion = en;
			hasScannedForEncodings = 0;
			knownRegions = (
				en,
				Base,
			);
			mainGroup = DE2677D62BE92F6D00A438E2;
			packageReferences = (
				DE2677FD2BE931FB00A438E2 /* XCRemoteSwiftPackageReference "swift-composable-architecture" */,
				DE2678002BE9322F00A438E2 /* XCRemoteSwiftPackageReference "Nuke" */,
				DE2678072BE9340200A438E2 /* XCRemoteSwiftPackageReference "realm-swift" */,
			);
			productRefGroup = DE2677E02BE92F6D00A438E2 /* Products */;
			projectDirPath = "";
			projectRoot = "";
			targets = (
				DE2677DE2BE92F6D00A438E2 /* RaMApp */,
			);
		};
/* End PBXProject section */

/* Begin PBXResourcesBuildPhase section */
		DE2677DD2BE92F6D00A438E2 /* Resources */ = {
			isa = PBXResourcesBuildPhase;
			buildActionMask = 2147483647;
			files = (
				DE2677EA2BE92F6F00A438E2 /* Preview Assets.xcassets in Resources */,
				DE2677E72BE92F6F00A438E2 /* Assets.xcassets in Resources */,
			);
			runOnlyForDeploymentPostprocessing = 0;
		};
/* End PBXResourcesBuildPhase section */

/* Begin PBXSourcesBuildPhase section */
		DE2677DB2BE92F6D00A438E2 /* Sources */ = {
			isa = PBXSourcesBuildPhase;
			buildActionMask = 2147483647;
			files = (
				DE26781A2BEAABF300A438E2 /* ProfileImageModifier.swift in Sources */,
				DE2678182BEAABC400A438E2 /* CharacterRowView.swift in Sources */,
				DE2677F72BE9315900A438E2 /* CharactersListView.swift in Sources */,
				DE2678132BEAAAFD00A438E2 /* CharacterModel.swift in Sources */,
				DE2677FC2BE931AD00A438E2 /* CharactersListReducer.swift in Sources */,
				DE2678152BEAAB3500A438E2 /* CharacterDetailView.swift in Sources */,
				DE2678112BEAAAB800A438E2 /* NetworkService.swift in Sources */,
				DE2677E32BE92F6D00A438E2 /* RaMAppApp.swift in Sources */,
			);
			runOnlyForDeploymentPostprocessing = 0;
		};
/* End PBXSourcesBuildPhase section */

/* Begin XCBuildConfiguration section */
		DE2677EB2BE92F6F00A438E2 /* Debug */ = {
			isa = XCBuildConfiguration;
			buildSettings = {
				ALWAYS_SEARCH_USER_PATHS = NO;
				ASSETCATALOG_COMPILER_GENERATE_SWIFT_ASSET_SYMBOL_EXTENSIONS = YES;
				CLANG_ANALYZER_NONNULL = YES;
				CLANG_ANALYZER_NUMBER_OBJECT_CONVERSION = YES_AGGRESSIVE;
				CLANG_CXX_LANGUAGE_STANDARD = "gnu++20";
				CLANG_ENABLE_MODULES = YES;
				CLANG_ENABLE_OBJC_ARC = YES;
				CLANG_ENABLE_OBJC_WEAK = YES;
				CLANG_WARN_BLOCK_CAPTURE_AUTORELEASING = YES;
				CLANG_WARN_BOOL_CONVERSION = YES;
				CLANG_WARN_COMMA = YES;
				CLANG_WARN_CONSTANT_CONVERSION = YES;
				CLANG_WARN_DEPRECATED_OBJC_IMPLEMENTATIONS = YES;
				CLANG_WARN_DIRECT_OBJC_ISA_USAGE = YES_ERROR;
				CLANG_WARN_DOCUMENTATION_COMMENTS = YES;
				CLANG_WARN_EMPTY_BODY = YES;
				CLANG_WARN_ENUM_CONVERSION = YES;
				CLANG_WARN_INFINITE_RECURSION = YES;
				CLANG_WARN_INT_CONVERSION = YES;
				CLANG_WARN_NON_LITERAL_NULL_CONVERSION = YES;
				CLANG_WARN_OBJC_IMPLICIT_RETAIN_SELF = YES;
				CLANG_WARN_OBJC_LITERAL_CONVERSION = YES;
				CLANG_WARN_OBJC_ROOT_CLASS = YES_ERROR;
				CLANG_WARN_QUOTED_INCLUDE_IN_FRAMEWORK_HEADER = YES;
				CLANG_WARN_RANGE_LOOP_ANALYSIS = YES;
				CLANG_WARN_STRICT_PROTOTYPES = YES;
				CLANG_WARN_SUSPICIOUS_MOVE = YES;
				CLANG_WARN_UNGUARDED_AVAILABILITY = YES_AGGRESSIVE;
				CLANG_WARN_UNREACHABLE_CODE = YES;
				CLANG_WARN__DUPLICATE_METHOD_MATCH = YES;
				COPY_PHASE_STRIP = NO;
				DEBUG_INFORMATION_FORMAT = dwarf;
				ENABLE_STRICT_OBJC_MSGSEND = YES;
				ENABLE_TESTABILITY = YES;
				ENABLE_USER_SCRIPT_SANDBOXING = YES;
				GCC_C_LANGUAGE_STANDARD = gnu17;
				GCC_DYNAMIC_NO_PIC = NO;
				GCC_NO_COMMON_BLOCKS = YES;
				GCC_OPTIMIZATION_LEVEL = 0;
				GCC_PREPROCESSOR_DEFINITIONS = (
					"DEBUG=1",
					"$(inherited)",
				);
				GCC_WARN_64_TO_32_BIT_CONVERSION = YES;
				GCC_WARN_ABOUT_RETURN_TYPE = YES_ERROR;
				GCC_WARN_UNDECLARED_SELECTOR = YES;
				GCC_WARN_UNINITIALIZED_AUTOS = YES_AGGRESSIVE;
				GCC_WARN_UNUSED_FUNCTION = YES;
				GCC_WARN_UNUSED_VARIABLE = YES;
				IPHONEOS_DEPLOYMENT_TARGET = 17.2;
				LOCALIZATION_PREFERS_STRING_CATALOGS = YES;
				MTL_ENABLE_DEBUG_INFO = INCLUDE_SOURCE;
				MTL_FAST_MATH = YES;
				ONLY_ACTIVE_ARCH = YES;
				SDKROOT = iphoneos;
				SWIFT_ACTIVE_COMPILATION_CONDITIONS = "DEBUG $(inherited)";
				SWIFT_OPTIMIZATION_LEVEL = "-Onone";
			};
			name = Debug;
		};
		DE2677EC2BE92F6F00A438E2 /* Release */ = {
			isa = XCBuildConfiguration;
			buildSettings = {
				ALWAYS_SEARCH_USER_PATHS = NO;
				ASSETCATALOG_COMPILER_GENERATE_SWIFT_ASSET_SYMBOL_EXTENSIONS = YES;
				CLANG_ANALYZER_NONNULL = YES;
				CLANG_ANALYZER_NUMBER_OBJECT_CONVERSION = YES_AGGRESSIVE;
				CLANG_CXX_LANGUAGE_STANDARD = "gnu++20";
				CLANG_ENABLE_MODULES = YES;
				CLANG_ENABLE_OBJC_ARC = YES;
				CLANG_ENABLE_OBJC_WEAK = YES;
				CLANG_WARN_BLOCK_CAPTURE_AUTORELEASING = YES;
				CLANG_WARN_BOOL_CONVERSION = YES;
				CLANG_WARN_COMMA = YES;
				CLANG_WARN_CONSTANT_CONVERSION = YES;
				CLANG_WARN_DEPRECATED_OBJC_IMPLEMENTATIONS = YES;
				CLANG_WARN_DIRECT_OBJC_ISA_USAGE = YES_ERROR;
				CLANG_WARN_DOCUMENTATION_COMMENTS = YES;
				CLANG_WARN_EMPTY_BODY = YES;
				CLANG_WARN_ENUM_CONVERSION = YES;
				CLANG_WARN_INFINITE_RECURSION = YES;
				CLANG_WARN_INT_CONVERSION = YES;
				CLANG_WARN_NON_LITERAL_NULL_CONVERSION = YES;
				CLANG_WARN_OBJC_IMPLICIT_RETAIN_SELF = YES;
				CLANG_WARN_OBJC_LITERAL_CONVERSION = YES;
				CLANG_WARN_OBJC_ROOT_CLASS = YES_ERROR;
				CLANG_WARN_QUOTED_INCLUDE_IN_FRAMEWORK_HEADER = YES;
				CLANG_WARN_RANGE_LOOP_ANALYSIS = YES;
				CLANG_WARN_STRICT_PROTOTYPES = YES;
				CLANG_WARN_SUSPICIOUS_MOVE = YES;
				CLANG_WARN_UNGUARDED_AVAILABILITY = YES_AGGRESSIVE;
				CLANG_WARN_UNREACHABLE_CODE = YES;
				CLANG_WARN__DUPLICATE_METHOD_MATCH = YES;
				COPY_PHASE_STRIP = NO;
				DEBUG_INFORMATION_FORMAT = "dwarf-with-dsym";
				ENABLE_NS_ASSERTIONS = NO;
				ENABLE_STRICT_OBJC_MSGSEND = YES;
				ENABLE_USER_SCRIPT_SANDBOXING = YES;
				GCC_C_LANGUAGE_STANDARD = gnu17;
				GCC_NO_COMMON_BLOCKS = YES;
				GCC_WARN_64_TO_32_BIT_CONVERSION = YES;
				GCC_WARN_ABOUT_RETURN_TYPE = YES_ERROR;
				GCC_WARN_UNDECLARED_SELECTOR = YES;
				GCC_WARN_UNINITIALIZED_AUTOS = YES_AGGRESSIVE;
				GCC_WARN_UNUSED_FUNCTION = YES;
				GCC_WARN_UNUSED_VARIABLE = YES;
				IPHONEOS_DEPLOYMENT_TARGET = 17.2;
				LOCALIZATION_PREFERS_STRING_CATALOGS = YES;
				MTL_ENABLE_DEBUG_INFO = NO;
				MTL_FAST_MATH = YES;
				SDKROOT = iphoneos;
				SWIFT_COMPILATION_MODE = wholemodule;
				VALIDATE_PRODUCT = YES;
			};
			name = Release;
		};
		DE2677EE2BE92F6F00A438E2 /* Debug */ = {
			isa = XCBuildConfiguration;
			buildSettings = {
				ASSETCATALOG_COMPILER_APPICON_NAME = AppIcon;
				ASSETCATALOG_COMPILER_GLOBAL_ACCENT_COLOR_NAME = AccentColor;
				CODE_SIGN_STYLE = Automatic;
				CURRENT_PROJECT_VERSION = 1;
				DEVELOPMENT_ASSET_PATHS = "\"RaMApp/Preview Content\"";
				DEVELOPMENT_TEAM = 2J8W8ZZGT2;
				ENABLE_PREVIEWS = YES;
				GENERATE_INFOPLIST_FILE = YES;
				INFOPLIST_KEY_UIApplicationSceneManifest_Generation = YES;
				INFOPLIST_KEY_UIApplicationSupportsIndirectInputEvents = YES;
				INFOPLIST_KEY_UILaunchScreen_Generation = YES;
				INFOPLIST_KEY_UISupportedInterfaceOrientations_iPad = "UIInterfaceOrientationPortrait UIInterfaceOrientationPortraitUpsideDown UIInterfaceOrientationLandscapeLeft UIInterfaceOrientationLandscapeRight";
				INFOPLIST_KEY_UISupportedInterfaceOrientations_iPhone = "UIInterfaceOrientationPortrait UIInterfaceOrientationLandscapeLeft UIInterfaceOrientationLandscapeRight";
				IPHONEOS_DEPLOYMENT_TARGET = 15.0;
				LD_RUNPATH_SEARCH_PATHS = (
					"$(inherited)",
					"@executable_path/Frameworks",
				);
				MARKETING_VERSION = 1.0;
				PRODUCT_BUNDLE_IDENTIFIER = Home.RaMApp;
				PRODUCT_NAME = "$(TARGET_NAME)";
				SWIFT_EMIT_LOC_STRINGS = YES;
				SWIFT_VERSION = 5.0;
				TARGETED_DEVICE_FAMILY = "1,2";
			};
			name = Debug;
		};
		DE2677EF2BE92F6F00A438E2 /* Release */ = {
			isa = XCBuildConfiguration;
			buildSettings = {
				ASSETCATALOG_COMPILER_APPICON_NAME = AppIcon;
				ASSETCATALOG_COMPILER_GLOBAL_ACCENT_COLOR_NAME = AccentColor;
				CODE_SIGN_STYLE = Automatic;
				CURRENT_PROJECT_VERSION = 1;
				DEVELOPMENT_ASSET_PATHS = "\"RaMApp/Preview Content\"";
				DEVELOPMENT_TEAM = 2J8W8ZZGT2;
				ENABLE_PREVIEWS = YES;
				GENERATE_INFOPLIST_FILE = YES;
				INFOPLIST_KEY_UIApplicationSceneManifest_Generation = YES;
				INFOPLIST_KEY_UIApplicationSupportsIndirectInputEvents = YES;
				INFOPLIST_KEY_UILaunchScreen_Generation = YES;
				INFOPLIST_KEY_UISupportedInterfaceOrientations_iPad = "UIInterfaceOrientationPortrait UIInterfaceOrientationPortraitUpsideDown UIInterfaceOrientationLandscapeLeft UIInterfaceOrientationLandscapeRight";
				INFOPLIST_KEY_UISupportedInterfaceOrientations_iPhone = "UIInterfaceOrientationPortrait UIInterfaceOrientationLandscapeLeft UIInterfaceOrientationLandscapeRight";
				IPHONEOS_DEPLOYMENT_TARGET = 15.0;
				LD_RUNPATH_SEARCH_PATHS = (
					"$(inherited)",
					"@executable_path/Frameworks",
				);
				MARKETING_VERSION = 1.0;
				PRODUCT_BUNDLE_IDENTIFIER = Home.RaMApp;
				PRODUCT_NAME = "$(TARGET_NAME)";
				SWIFT_EMIT_LOC_STRINGS = YES;
				SWIFT_VERSION = 5.0;
				TARGETED_DEVICE_FAMILY = "1,2";
			};
			name = Release;
		};
/* End XCBuildConfiguration section */

/* Begin XCConfigurationList section */
		DE2677DA2BE92F6D00A438E2 /* Build configuration list for PBXProject "RaMApp" */ = {
			isa = XCConfigurationList;
			buildConfigurations = (
				DE2677EB2BE92F6F00A438E2 /* Debug */,
				DE2677EC2BE92F6F00A438E2 /* Release */,
			);
			defaultConfigurationIsVisible = 0;
			defaultConfigurationName = Release;
		};
		DE2677ED2BE92F6F00A438E2 /* Build configuration list for PBXNativeTarget "RaMApp" */ = {
			isa = XCConfigurationList;
			buildConfigurations = (
				DE2677EE2BE92F6F00A438E2 /* Debug */,
				DE2677EF2BE92F6F00A438E2 /* Release */,
			);
			defaultConfigurationIsVisible = 0;
			defaultConfigurationName = Release;
		};
/* End XCConfigurationList section */

/* Begin XCRemoteSwiftPackageReference section */
		DE2677FD2BE931FB00A438E2 /* XCRemoteSwiftPackageReference "swift-composable-architecture" */ = {
			isa = XCRemoteSwiftPackageReference;
			repositoryURL = "https://github.com/pointfreeco/swift-composable-architecture";
			requirement = {
				kind = upToNextMajorVersion;
				minimumVersion = 1.10.2;
			};
		};
		DE2678002BE9322F00A438E2 /* XCRemoteSwiftPackageReference "Nuke" */ = {
			isa = XCRemoteSwiftPackageReference;
			repositoryURL = "https://github.com/kean/Nuke";
			requirement = {
				kind = upToNextMajorVersion;
				minimumVersion = 12.6.0;
			};
		};
		DE2678072BE9340200A438E2 /* XCRemoteSwiftPackageReference "realm-swift" */ = {
			isa = XCRemoteSwiftPackageReference;
			repositoryURL = "https://github.com/realm/realm-swift.git";
			requirement = {
				kind = upToNextMajorVersion;
				minimumVersion = 10.50.0;
			};
		};
/* End XCRemoteSwiftPackageReference section */

/* Begin XCSwiftPackageProductDependency section */
		DE2677FE2BE931FB00A438E2 /* ComposableArchitecture */ = {
			isa = XCSwiftPackageProductDependency;
			package = DE2677FD2BE931FB00A438E2 /* XCRemoteSwiftPackageReference "swift-composable-architecture" */;
			productName = ComposableArchitecture;
		};
		DE2678012BE9322F00A438E2 /* Nuke */ = {
			isa = XCSwiftPackageProductDependency;
			package = DE2678002BE9322F00A438E2 /* XCRemoteSwiftPackageReference "Nuke" */;
			productName = Nuke;
		};
		DE2678032BE9322F00A438E2 /* NukeExtensions */ = {
			isa = XCSwiftPackageProductDependency;
			package = DE2678002BE9322F00A438E2 /* XCRemoteSwiftPackageReference "Nuke" */;
			productName = NukeExtensions;
		};
		DE2678052BE9322F00A438E2 /* NukeUI */ = {
			isa = XCSwiftPackageProductDependency;
			package = DE2678002BE9322F00A438E2 /* XCRemoteSwiftPackageReference "Nuke" */;
			productName = NukeUI;
		};
		DE26780A2BE9340200A438E2 /* RealmSwift */ = {
			isa = XCSwiftPackageProductDependency;
			package = DE2678072BE9340200A438E2 /* XCRemoteSwiftPackageReference "realm-swift" */;
			productName = RealmSwift;
		};
/* End XCSwiftPackageProductDependency section */
	};
	rootObject = DE2677D72BE92F6D00A438E2 /* Project object */;
}
